{
  "markbot": "86e3e9606902b15f8a99c4d289ff5e6befa04918c00e9cf3468958dac75fa692",
  "markbotignore": "030a4e6e1b3b6b510514a7ae54576e2c2ef762d56236c6414ef634955d96a126",
  "index-320.png": "993eee7749ac1bc219c94ecda2e1acf8ba26ece1f1b72549efed877d976c28bf",
  "index-960.png": "ace823a240c6185a0fb0d6bf40b2c7c86c69a1c198e119f0356db4fb3e54b9c1"
}